
Microsoft Visual Studio Solution File, Format Version 12.00
# Visual Studio Version 16
VisualStudioVersion = 16.0.31019.35
MinimumVisualStudioVersion = 10.0.40219.1
Project("{FAE04EC0-301F-11D3-BF4B-00C04F79EFBC}") = "ProductManagement.Core", "ProductManagement.Core\ProductManagement.Core.csproj", "{AD87A598-2973-4972-9587-50C34140270B}"
EndProject
Project("{FAE04EC0-301F-11D3-BF4B-00C04F79EFBC}") = "ProductManagement.Entities", "ProductManagement.Entities\ProductManagement.Entities.csproj", "{F30D92E1-AE05-4435-9A78-CE97CFB9DEC2}"
EndProject
Project("{FAE04EC0-301F-11D3-BF4B-00C04F79EFBC}") = "ProductManagement.DataAccess", "ProductManagement.DataAccess\ProductManagement.DataAccess.csproj", "{421689A9-EBC2-429E-94D3-48D6537B8A93}"
EndProject
Project("{FAE04EC0-301F-11D3-BF4B-00C04F79EFBC}") = "ProductManagement.Business", "ProductManagement.Business\ProductManagement.Business.csproj", "{8491FCC9-49E8-46F1-B42D-471D7BDBA09B}"
EndProject
Project("{FAE04EC0-301F-11D3-BF4B-00C04F79EFBC}") = "ProductManagement.Api", "ProductManagement.Api\ProductManagement.Api.csproj", "{9BD94E1C-0D30-4369-8766-AF7ECDD02BC4}"
EndProject
Global
	GlobalSection(SolutionConfigurationPlatforms) = preSolution
		Debug|Any CPU = Debug|Any CPU
		Release|Any CPU = Release|Any CPU
	EndGlobalSection
	GlobalSection(ProjectConfigurationPlatforms) = postSolution
		{AD87A598-2973-4972-9587-50C34140270B}.Debug|Any CPU.ActiveCfg = Debug|Any CPU
		{AD87A598-2973-4972-9587-50C34140270B}.Debug|Any CPU.Build.0 = Debug|Any CPU
		{AD87A598-2973-4972-9587-50C34140270B}.Release|Any CPU.ActiveCfg = Release|Any CPU
		{AD87A598-2973-4972-9587-50C34140270B}.Release|Any CPU.Build.0 = Release|Any CPU
		{F30D92E1-AE05-4435-9A78-CE97CFB9DEC2}.Debug|Any CPU.ActiveCfg = Debug|Any CPU
		{F30D92E1-AE05-4435-9A78-CE97CFB9DEC2}.Debug|Any CPU.Build.0 = Debug|Any CPU
		{F30D92E1-AE05-4435-9A78-CE97CFB9DEC2}.Release|Any CPU.ActiveCfg = Release|Any CPU
		{F30D92E1-AE05-4435-9A78-CE97CFB9DEC2}.Release|Any CPU.Build.0 = Release|Any CPU
		{421689A9-EBC2-429E-94D3-48D6537B8A93}.Debug|Any CPU.ActiveCfg = Debug|Any CPU
		{421689A9-EBC2-429E-94D3-48D6537B8A93}.Debug|Any CPU.Build.0 = Debug|Any CPU
		{421689A9-EBC2-429E-94D3-48D6537B8A93}.Release|Any CPU.ActiveCfg = Release|Any CPU
		{421689A9-EBC2-429E-94D3-48D6537B8A93}.Release|Any CPU.Build.0 = Release|Any CPU
		{8491FCC9-49E8-46F1-B42D-471D7BDBA09B}.Debug|Any CPU.ActiveCfg = Debug|Any CPU
		{8491FCC9-49E8-46F1-B42D-471D7BDBA09B}.Debug|Any CPU.Build.0 = Debug|Any CPU
		{8491FCC9-49E8-46F1-B42D-471D7BDBA09B}.Release|Any CPU.ActiveCfg = Release|Any CPU
		{8491FCC9-49E8-46F1-B42D-471D7BDBA09B}.Release|Any CPU.Build.0 = Release|Any CPU
		{9BD94E1C-0D30-4369-8766-AF7ECDD02BC4}.Debug|Any CPU.ActiveCfg = Debug|Any CPU
		{9BD94E1C-0D30-4369-8766-AF7ECDD02BC4}.Debug|Any CPU.Build.0 = Debug|Any CPU
		{9BD94E1C-0D30-4369-8766-AF7ECDD02BC4}.Release|Any CPU.ActiveCfg = Release|Any CPU
		{9BD94E1C-0D30-4369-8766-AF7ECDD02BC4}.Release|Any CPU.Build.0 = Release|Any CPU
	EndGlobalSection
	GlobalSection(SolutionProperties) = preSolution
		HideSolutionNode = FALSE
	EndGlobalSection
	GlobalSection(ExtensibilityGlobals) = postSolution
		SolutionGuid = {6E29FDB3-3B53-4BCB-A9FC-119B8E403F95}
	EndGlobalSection
EndGlobal
